
Microsoft Visual Studio Solution File, Format Version 12.00
# Visual Studio 14
VisualStudioVersion = 14.0.25420.1
MinimumVisualStudioVersion = 10.0.40219.1
Project("{FAE04EC0-301F-11D3-BF4B-00C04F79EFBC}") = "FluToDo.Android", "FluToDo\FluToDo.Android\FluToDo.Android.csproj", "{8316845E-2E96-46F1-8AB8-1EB18B99B2AB}"
EndProject
Project("{FAE04EC0-301F-11D3-BF4B-00C04F79EFBC}") = "FluToDo", "FluToDo\FluToDo\FluToDo.csproj", "{034421B2-090A-4B6F-A32E-09670BC1FA62}"
EndProject
Project("{FAE04EC0-301F-11D3-BF4B-00C04F79EFBC}") = "Domain", "Domain\Domain.csproj", "{782D93C6-8E7C-456B-85C5-56EFCFFFDC7C}"
EndProject
Project("{FAE04EC0-301F-11D3-BF4B-00C04F79EFBC}") = "Core", "Core\Core.csproj", "{CC113785-7E66-44D2-BE79-93F0BEEBB998}"
EndProject
Global
	GlobalSection(SolutionConfigurationPlatforms) = preSolution
		Ad-Hoc|Any CPU = Ad-Hoc|Any CPU
		Ad-Hoc|iPhone = Ad-Hoc|iPhone
		Ad-Hoc|iPhoneSimulator = Ad-Hoc|iPhoneSimulator
		AppStore|Any CPU = AppStore|Any CPU
		AppStore|iPhone = AppStore|iPhone
		AppStore|iPhoneSimulator = AppStore|iPhoneSimulator
		Debug|Any CPU = Debug|Any CPU
		Debug|iPhone = Debug|iPhone
		Debug|iPhoneSimulator = Debug|iPhoneSimulator
		Release|Any CPU = Release|Any CPU
		Release|iPhone = Release|iPhone
		Release|iPhoneSimulator = Release|iPhoneSimulator
	EndGlobalSection
	GlobalSection(ProjectConfigurationPlatforms) = postSolution
		{8316845E-2E96-46F1-8AB8-1EB18B99B2AB}.Ad-Hoc|Any CPU.ActiveCfg = Release|Any CPU
		{8316845E-2E96-46F1-8AB8-1EB18B99B2AB}.Ad-Hoc|Any CPU.Build.0 = Release|Any CPU
		{8316845E-2E96-46F1-8AB8-1EB18B99B2AB}.Ad-Hoc|Any CPU.Deploy.0 = Release|Any CPU
		{8316845E-2E96-46F1-8AB8-1EB18B99B2AB}.Ad-Hoc|iPhone.ActiveCfg = Release|Any CPU
		{8316845E-2E96-46F1-8AB8-1EB18B99B2AB}.Ad-Hoc|iPhone.Build.0 = Release|Any CPU
		{8316845E-2E96-46F1-8AB8-1EB18B99B2AB}.Ad-Hoc|iPhone.Deploy.0 = Release|Any CPU
		{8316845E-2E96-46F1-8AB8-1EB18B99B2AB}.Ad-Hoc|iPhoneSimulator.ActiveCfg = Release|Any CPU
		{8316845E-2E96-46F1-8AB8-1EB18B99B2AB}.Ad-Hoc|iPhoneSimulator.Build.0 = Release|Any CPU
		{8316845E-2E96-46F1-8AB8-1EB18B99B2AB}.Ad-Hoc|iPhoneSimulator.Deploy.0 = Release|Any CPU
		{8316845E-2E96-46F1-8AB8-1EB18B99B2AB}.AppStore|Any CPU.ActiveCfg = Release|Any CPU
		{8316845E-2E96-46F1-8AB8-1EB18B99B2AB}.AppStore|Any CPU.Build.0 = Release|Any CPU
		{8316845E-2E96-46F1-8AB8-1EB18B99B2AB}.AppStore|Any CPU.Deploy.0 = Release|Any CPU
		{8316845E-2E96-46F1-8AB8-1EB18B99B2AB}.AppStore|iPhone.ActiveCfg = Release|Any CPU
		{8316845E-2E96-46F1-8AB8-1EB18B99B2AB}.AppStore|iPhone.Build.0 = Release|Any CPU
		{8316845E-2E96-46F1-8AB8-1EB18B99B2AB}.AppStore|iPhone.Deploy.0 = Release|Any CPU
		{8316845E-2E96-46F1-8AB8-1EB18B99B2AB}.AppStore|iPhoneSimulator.ActiveCfg = Release|Any CPU
		{8316845E-2E96-46F1-8AB8-1EB18B99B2AB}.AppStore|iPhoneSimulator.Build.0 = Release|Any CPU
		{8316845E-2E96-46F1-8AB8-1EB18B99B2AB}.AppStore|iPhoneSimulator.Deploy.0 = Release|Any CPU
		{8316845E-2E96-46F1-8AB8-1EB18B99B2AB}.Debug|Any CPU.ActiveCfg = Debug|Any CPU
		{8316845E-2E96-46F1-8AB8-1EB18B99B2AB}.Debug|Any CPU.Build.0 = Debug|Any CPU
		{8316845E-2E96-46F1-8AB8-1EB18B99B2AB}.Debug|Any CPU.Deploy.0 = Debug|Any CPU
		{8316845E-2E96-46F1-8AB8-1EB18B99B2AB}.Debug|iPhone.ActiveCfg = Debug|Any CPU
		{8316845E-2E96-46F1-8AB8-1EB18B99B2AB}.Debug|iPhone.Build.0 = Debug|Any CPU
		{8316845E-2E96-46F1-8AB8-1EB18B99B2AB}.Debug|iPhone.Deploy.0 = Debug|Any CPU
		{8316845E-2E96-46F1-8AB8-1EB18B99B2AB}.Debug|iPhoneSimulator.ActiveCfg = Debug|Any CPU
		{8316845E-2E96-46F1-8AB8-1EB18B99B2AB}.Debug|iPhoneSimulator.Build.0 = Debug|Any CPU
		{8316845E-2E96-46F1-8AB8-1EB18B99B2AB}.Debug|iPhoneSimulator.Deploy.0 = Debug|Any CPU
		{8316845E-2E96-46F1-8AB8-1EB18B99B2AB}.Release|Any CPU.ActiveCfg = Release|Any CPU
		{8316845E-2E96-46F1-8AB8-1EB18B99B2AB}.Release|Any CPU.Build.0 = Release|Any CPU
		{8316845E-2E96-46F1-8AB8-1EB18B99B2AB}.Release|Any CPU.Deploy.0 = Release|Any CPU
		{8316845E-2E96-46F1-8AB8-1EB18B99B2AB}.Release|iPhone.ActiveCfg = Release|Any CPU
		{8316845E-2E96-46F1-8AB8-1EB18B99B2AB}.Release|iPhone.Build.0 = Release|Any CPU
		{8316845E-2E96-46F1-8AB8-1EB18B99B2AB}.Release|iPhone.Deploy.0 = Release|Any CPU
		{8316845E-2E96-46F1-8AB8-1EB18B99B2AB}.Release|iPhoneSimulator.ActiveCfg = Release|Any CPU
		{8316845E-2E96-46F1-8AB8-1EB18B99B2AB}.Release|iPhoneSimulator.Build.0 = Release|Any CPU
		{8316845E-2E96-46F1-8AB8-1EB18B99B2AB}.Release|iPhoneSimulator.Deploy.0 = Release|Any CPU
		{034421B2-090A-4B6F-A32E-09670BC1FA62}.Ad-Hoc|Any CPU.ActiveCfg = Release|Any CPU
		{034421B2-090A-4B6F-A32E-09670BC1FA62}.Ad-Hoc|Any CPU.Build.0 = Release|Any CPU
		{034421B2-090A-4B6F-A32E-09670BC1FA62}.Ad-Hoc|iPhone.ActiveCfg = Release|Any CPU
		{034421B2-090A-4B6F-A32E-09670BC1FA62}.Ad-Hoc|iPhone.Build.0 = Release|Any CPU
		{034421B2-090A-4B6F-A32E-09670BC1FA62}.Ad-Hoc|iPhoneSimulator.ActiveCfg = Release|Any CPU
		{034421B2-090A-4B6F-A32E-09670BC1FA62}.Ad-Hoc|iPhoneSimulator.Build.0 = Release|Any CPU
		{034421B2-090A-4B6F-A32E-09670BC1FA62}.AppStore|Any CPU.ActiveCfg = Release|Any CPU
		{034421B2-090A-4B6F-A32E-09670BC1FA62}.AppStore|Any CPU.Build.0 = Release|Any CPU
		{034421B2-090A-4B6F-A32E-09670BC1FA62}.AppStore|iPhone.ActiveCfg = Release|Any CPU
		{034421B2-090A-4B6F-A32E-09670BC1FA62}.AppStore|iPhone.Build.0 = Release|Any CPU
		{034421B2-090A-4B6F-A32E-09670BC1FA62}.AppStore|iPhoneSimulator.ActiveCfg = Release|Any CPU
		{034421B2-090A-4B6F-A32E-09670BC1FA62}.AppStore|iPhoneSimulator.Build.0 = Release|Any CPU
		{034421B2-090A-4B6F-A32E-09670BC1FA62}.Debug|Any CPU.ActiveCfg = Debug|Any CPU
		{034421B2-090A-4B6F-A32E-09670BC1FA62}.Debug|Any CPU.Build.0 = Debug|Any CPU
		{034421B2-090A-4B6F-A32E-09670BC1FA62}.Debug|iPhone.ActiveCfg = Debug|Any CPU
		{034421B2-090A-4B6F-A32E-09670BC1FA62}.Debug|iPhone.Build.0 = Debug|Any CPU
		{034421B2-090A-4B6F-A32E-09670BC1FA62}.Debug|iPhoneSimulator.ActiveCfg = Debug|Any CPU
		{034421B2-090A-4B6F-A32E-09670BC1FA62}.Debug|iPhoneSimulator.Build.0 = Debug|Any CPU
		{034421B2-090A-4B6F-A32E-09670BC1FA62}.Release|Any CPU.ActiveCfg = Release|Any CPU
		{034421B2-090A-4B6F-A32E-09670BC1FA62}.Release|Any CPU.Build.0 = Release|Any CPU
		{034421B2-090A-4B6F-A32E-09670BC1FA62}.Release|iPhone.ActiveCfg = Release|Any CPU
		{034421B2-090A-4B6F-A32E-09670BC1FA62}.Release|iPhone.Build.0 = Release|Any CPU
		{034421B2-090A-4B6F-A32E-09670BC1FA62}.Release|iPhoneSimulator.ActiveCfg = Release|Any CPU
		{034421B2-090A-4B6F-A32E-09670BC1FA62}.Release|iPhoneSimulator.Build.0 = Release|Any CPU
		{782D93C6-8E7C-456B-85C5-56EFCFFFDC7C}.Ad-Hoc|Any CPU.ActiveCfg = Release|Any CPU
		{782D93C6-8E7C-456B-85C5-56EFCFFFDC7C}.Ad-Hoc|Any CPU.Build.0 = Release|Any CPU
		{782D93C6-8E7C-456B-85C5-56EFCFFFDC7C}.Ad-Hoc|iPhone.ActiveCfg = Release|Any CPU
		{782D93C6-8E7C-456B-85C5-56EFCFFFDC7C}.Ad-Hoc|iPhone.Build.0 = Release|Any CPU
		{782D93C6-8E7C-456B-85C5-56EFCFFFDC7C}.Ad-Hoc|iPhoneSimulator.ActiveCfg = Release|Any CPU
		{782D93C6-8E7C-456B-85C5-56EFCFFFDC7C}.Ad-Hoc|iPhoneSimulator.Build.0 = Release|Any CPU
		{782D93C6-8E7C-456B-85C5-56EFCFFFDC7C}.AppStore|Any CPU.ActiveCfg = Release|Any CPU
		{782D93C6-8E7C-456B-85C5-56EFCFFFDC7C}.AppStore|Any CPU.Build.0 = Release|Any CPU
		{782D93C6-8E7C-456B-85C5-56EFCFFFDC7C}.AppStore|iPhone.ActiveCfg = Release|Any CPU
		{782D93C6-8E7C-456B-85C5-56EFCFFFDC7C}.AppStore|iPhone.Build.0 = Release|Any CPU
		{782D93C6-8E7C-456B-85C5-56EFCFFFDC7C}.AppStore|iPhoneSimulator.ActiveCfg = Release|Any CPU
		{782D93C6-8E7C-456B-85C5-56EFCFFFDC7C}.AppStore|iPhoneSimulator.Build.0 = Release|Any CPU
		{782D93C6-8E7C-456B-85C5-56EFCFFFDC7C}.Debug|Any CPU.ActiveCfg = Debug|Any CPU
		{782D93C6-8E7C-456B-85C5-56EFCFFFDC7C}.Debug|Any CPU.Build.0 = Debug|Any CPU
		{782D93C6-8E7C-456B-85C5-56EFCFFFDC7C}.Debug|iPhone.ActiveCfg = Debug|Any CPU
		{782D93C6-8E7C-456B-85C5-56EFCFFFDC7C}.Debug|iPhone.Build.0 = Debug|Any CPU
		{782D93C6-8E7C-456B-85C5-56EFCFFFDC7C}.Debug|iPhoneSimulator.ActiveCfg = Debug|Any CPU
		{782D93C6-8E7C-456B-85C5-56EFCFFFDC7C}.Debug|iPhoneSimulator.Build.0 = Debug|Any CPU
		{782D93C6-8E7C-456B-85C5-56EFCFFFDC7C}.Release|Any CPU.ActiveCfg = Release|Any CPU
		{782D93C6-8E7C-456B-85C5-56EFCFFFDC7C}.Release|Any CPU.Build.0 = Release|Any CPU
		{782D93C6-8E7C-456B-85C5-56EFCFFFDC7C}.Release|iPhone.ActiveCfg = Release|Any CPU
		{782D93C6-8E7C-456B-85C5-56EFCFFFDC7C}.Release|iPhone.Build.0 = Release|Any CPU
		{782D93C6-8E7C-456B-85C5-56EFCFFFDC7C}.Release|iPhoneSimulator.ActiveCfg = Release|Any CPU
		{782D93C6-8E7C-456B-85C5-56EFCFFFDC7C}.Release|iPhoneSimulator.Build.0 = Release|Any CPU
		{CC113785-7E66-44D2-BE79-93F0BEEBB998}.Ad-Hoc|Any CPU.ActiveCfg = Release|Any CPU
		{CC113785-7E66-44D2-BE79-93F0BEEBB998}.Ad-Hoc|Any CPU.Build.0 = Release|Any CPU
		{CC113785-7E66-44D2-BE79-93F0BEEBB998}.Ad-Hoc|iPhone.ActiveCfg = Release|Any CPU
		{CC113785-7E66-44D2-BE79-93F0BEEBB998}.Ad-Hoc|iPhone.Build.0 = Release|Any CPU
		{CC113785-7E66-44D2-BE79-93F0BEEBB998}.Ad-Hoc|iPhoneSimulator.ActiveCfg = Release|Any CPU
		{CC113785-7E66-44D2-BE79-93F0BEEBB998}.Ad-Hoc|iPhoneSimulator.Build.0 = Release|Any CPU
		{CC113785-7E66-44D2-BE79-93F0BEEBB998}.AppStore|Any CPU.ActiveCfg = Release|Any CPU
		{CC113785-7E66-44D2-BE79-93F0BEEBB998}.AppStore|Any CPU.Build.0 = Release|Any CPU
		{CC113785-7E66-44D2-BE79-93F0BEEBB998}.AppStore|iPhone.ActiveCfg = Release|Any CPU
		{CC113785-7E66-44D2-BE79-93F0BEEBB998}.AppStore|iPhone.Build.0 = Release|Any CPU
		{CC113785-7E66-44D2-BE79-93F0BEEBB998}.AppStore|iPhoneSimulator.ActiveCfg = Release|Any CPU
		{CC113785-7E66-44D2-BE79-93F0BEEBB998}.AppStore|iPhoneSimulator.Build.0 = Release|Any CPU
		{CC113785-7E66-44D2-BE79-93F0BEEBB998}.Debug|Any CPU.ActiveCfg = Debug|Any CPU
		{CC113785-7E66-44D2-BE79-93F0BEEBB998}.Debug|Any CPU.Build.0 = Debug|Any CPU
		{CC113785-7E66-44D2-BE79-93F0BEEBB998}.Debug|iPhone.ActiveCfg = Debug|Any CPU
		{CC113785-7E66-44D2-BE79-93F0BEEBB998}.Debug|iPhone.Build.0 = Debug|Any CPU
		{CC113785-7E66-44D2-BE79-93F0BEEBB998}.Debug|iPhoneSimulator.ActiveCfg = Debug|Any CPU
		{CC113785-7E66-44D2-BE79-93F0BEEBB998}.Debug|iPhoneSimulator.Build.0 = Debug|Any CPU
		{CC113785-7E66-44D2-BE79-93F0BEEBB998}.Release|Any CPU.ActiveCfg = Release|Any CPU
		{CC113785-7E66-44D2-BE79-93F0BEEBB998}.Release|Any CPU.Build.0 = Release|Any CPU
		{CC113785-7E66-44D2-BE79-93F0BEEBB998}.Release|iPhone.ActiveCfg = Release|Any CPU
		{CC113785-7E66-44D2-BE79-93F0BEEBB998}.Release|iPhone.Build.0 = Release|Any CPU
		{CC113785-7E66-44D2-BE79-93F0BEEBB998}.Release|iPhoneSimulator.ActiveCfg = Release|Any CPU
		{CC113785-7E66-44D2-BE79-93F0BEEBB998}.Release|iPhoneSimulator.Build.0 = Release|Any CPU
	EndGlobalSection
	GlobalSection(SolutionProperties) = preSolution
		HideSolutionNode = FALSE
	EndGlobalSection
EndGlobal
